PODS:
  - Alamofire (4.5.0)
  - MBProgressHUD (1.0.0)

DEPENDENCIES:
  - Alamofire
  - MBProgressHUD (= 1.0.0)

SPEC CHECKSUMS:
  Alamofire: f28cdffd29de33a7bfa022cbd63ae95a27fae140
  MBProgressHUD: 4890f671c94e8a0f3cf959aa731e9de2f036d71a

PODFILE CHECKSUM: c4acb6e57342e8ada88aa1e5ac3aa5194883644f

COCOAPODS: 1.2.0
