// !$*UTF8*$!
{
	archiveVersion = 1;
	classes = {
	};
	objectVersion = 46;
	objects = {

/* Begin PBXBuildFile section */
		6B754CB104409B1AD97BB7F9 /* Pods_Munchpic.framework in Frameworks */ = {isa = PBXBuildFile; fileRef = 1F152B3D9BFBD90DB42B033F /* Pods_Munchpic.framework */; };
		7B1147B21F0253E500CA48D6 /* LovesTableViewCell.swift in Sources */ = {isa = PBXBuildFile; fileRef = 7B1147B11F0253E500CA48D6 /* LovesTableViewCell.swift */; };
		7B1147B41F0258A400CA48D6 /* ProfilkeLovesModel.swift in Sources */ = {isa = PBXBuildFile; fileRef = 7B1147B31F0258A400CA48D6 /* ProfilkeLovesModel.swift */; };
		7B142CDD1F150A90005559A8 /* GoogleService-Info.plist in Resources */ = {isa = PBXBuildFile; fileRef = 7B142CDC1F150A90005559A8 /* GoogleService-Info.plist */; };
		7B24DF931EFFC08F00AD85EA /* SearchHeaderView.swift in Sources */ = {isa = PBXBuildFile; fileRef = 7B24DF911EFFC08F00AD85EA /* SearchHeaderView.swift */; };
		7B24DF941EFFC08F00AD85EA /* SearchHeaderView.xib in Resources */ = {isa = PBXBuildFile; fileRef = 7B24DF921EFFC08F00AD85EA /* SearchHeaderView.xib */; };
		7B29B0E81EDF270A000B5535 /* LoginServiceLayer.swift in Sources */ = {isa = PBXBuildFile; fileRef = 7B29B0E71EDF270A000B5535 /* LoginServiceLayer.swift */; };
		7B3576521ED9AA8500FF610A /* AppDelegate.swift in Sources */ = {isa = PBXBuildFile; fileRef = 7B3576511ED9AA8500FF610A /* AppDelegate.swift */; };
		7B3576541ED9AA8500FF610A /* ViewController.swift in Sources */ = {isa = PBXBuildFile; fileRef = 7B3576531ED9AA8500FF610A /* ViewController.swift */; };
		7B3576571ED9AA8500FF610A /* Main.storyboard in Resources */ = {isa = PBXBuildFile; fileRef = 7B3576551ED9AA8500FF610A /* Main.storyboard */; };
		7B3576591ED9AA8500FF610A /* Assets.xcassets in Resources */ = {isa = PBXBuildFile; fileRef = 7B3576581ED9AA8500FF610A /* Assets.xcassets */; };
		7B35765C1ED9AA8500FF610A /* LaunchScreen.storyboard in Resources */ = {isa = PBXBuildFile; fileRef = 7B35765A1ED9AA8500FF610A /* LaunchScreen.storyboard */; };
		7B3576671ED9AA8500FF610A /* MunchpicTests.swift in Sources */ = {isa = PBXBuildFile; fileRef = 7B3576661ED9AA8500FF610A /* MunchpicTests.swift */; };
		7B3576721ED9AA8500FF610A /* MunchpicUITests.swift in Sources */ = {isa = PBXBuildFile; fileRef = 7B3576711ED9AA8500FF610A /* MunchpicUITests.swift */; };
		7B3576831ED9AB2E00FF610A /* RegistrationViewController.swift in Sources */ = {isa = PBXBuildFile; fileRef = 7B3576821ED9AB2E00FF610A /* RegistrationViewController.swift */; };
		7B3576871ED9AB5C00FF610A /* HomeViewController.swift in Sources */ = {isa = PBXBuildFile; fileRef = 7B3576861ED9AB5C00FF610A /* HomeViewController.swift */; };
		7B3576891ED9AB6E00FF610A /* WindowViewController.swift in Sources */ = {isa = PBXBuildFile; fileRef = 7B3576881ED9AB6E00FF610A /* WindowViewController.swift */; };
		7B35768B1ED9AB9500FF610A /* SearchViewController.swift in Sources */ = {isa = PBXBuildFile; fileRef = 7B35768A1ED9AB9500FF610A /* SearchViewController.swift */; };
		7B35768D1ED9ABAE00FF610A /* ProfileViewController.swift in Sources */ = {isa = PBXBuildFile; fileRef = 7B35768C1ED9ABAE00FF610A /* ProfileViewController.swift */; };
		7B35768F1ED9ABC300FF610A /* NewPostViewController.swift in Sources */ = {isa = PBXBuildFile; fileRef = 7B35768E1ED9ABC300FF610A /* NewPostViewController.swift */; };
		7B3576911ED9ABDB00FF610A /* AddIngredientsViewController.swift in Sources */ = {isa = PBXBuildFile; fileRef = 7B3576901ED9ABDB00FF610A /* AddIngredientsViewController.swift */; };
		7B3576931ED9AC0100FF610A /* DetailViewController.swift in Sources */ = {isa = PBXBuildFile; fileRef = 7B3576921ED9AC0100FF610A /* DetailViewController.swift */; };
		7B3576951ED9AC7B00FF610A /* Receipe.swift in Sources */ = {isa = PBXBuildFile; fileRef = 7B3576941ED9AC7B00FF610A /* Receipe.swift */; };
		7B3576971ED9B8FA00FF610A /* ServiceLayer.swift in Sources */ = {isa = PBXBuildFile; fileRef = 7B3576961ED9B8FA00FF610A /* ServiceLayer.swift */; };
		7B4182931EF64BCF003C6C3A /* Utility.swift in Sources */ = {isa = PBXBuildFile; fileRef = 7B4182921EF64BCF003C6C3A /* Utility.swift */; };
		7B444B011F05051D004FD557 /* User.swift in Sources */ = {isa = PBXBuildFile; fileRef = 7B444B001F05051D004FD557 /* User.swift */; };
		7B5A6EE51EE7BFDF00197241 /* CustomCollectionViewCell.swift in Sources */ = {isa = PBXBuildFile; fileRef = 7B5A6EE31EE7BFDF00197241 /* CustomCollectionViewCell.swift */; };
		7B5A6EE61EE7BFDF00197241 /* CustomTableViewCell.swift in Sources */ = {isa = PBXBuildFile; fileRef = 7B5A6EE41EE7BFDF00197241 /* CustomTableViewCell.swift */; };
		7B5A6EE81EE7C35400197241 /* DashboardViewController.swift in Sources */ = {isa = PBXBuildFile; fileRef = 7B5A6EE71EE7C35400197241 /* DashboardViewController.swift */; };
		7B94B4961F0BF71900B05AA4 /* RadioButton.swift in Sources */ = {isa = PBXBuildFile; fileRef = 7B94B4951F0BF71900B05AA4 /* RadioButton.swift */; };
		7B95BAED1F0CE1CC00404220 /* CommentCell.swift in Sources */ = {isa = PBXBuildFile; fileRef = 7B95BAEC1F0CE1CC00404220 /* CommentCell.swift */; };
		7B95BAF21F0E7B2100404220 /* ProfileDetailViewController.swift in Sources */ = {isa = PBXBuildFile; fileRef = 7B95BAF11F0E7B2100404220 /* ProfileDetailViewController.swift */; };
		7B95BAF41F0F861300404220 /* UserPosts.storyboard in Resources */ = {isa = PBXBuildFile; fileRef = 7B95BAF31F0F861300404220 /* UserPosts.storyboard */; };
		7B95BAF81F0F8A0F00404220 /* UserPostsController.swift in Sources */ = {isa = PBXBuildFile; fileRef = 7B95BAF71F0F8A0F00404220 /* UserPostsController.swift */; };
		7B95BAFA1F0F8AEC00404220 /* PostCell.swift in Sources */ = {isa = PBXBuildFile; fileRef = 7B95BAF91F0F8AEC00404220 /* PostCell.swift */; };
		7B95BAFC1F0FCBC300404220 /* SearchFilterListController.swift in Sources */ = {isa = PBXBuildFile; fileRef = 7B95BAFB1F0FCBC300404220 /* SearchFilterListController.swift */; };
		7BD1D3011EDB3E3F003CE82F /* Constants.swift in Sources */ = {isa = PBXBuildFile; fileRef = 7BD1D3001EDB3E3F003CE82F /* Constants.swift */; };
		7BE1C8E41EFE269E001570BD /* PostModel.swift in Sources */ = {isa = PBXBuildFile; fileRef = 7BE1C8E31EFE269E001570BD /* PostModel.swift */; };
		7BE1C8E61EFE8267001570BD /* TrendsModel.swift in Sources */ = {isa = PBXBuildFile; fileRef = 7BE1C8E51EFE8267001570BD /* TrendsModel.swift */; };
		7BE1C8E91EFEDBC9001570BD /* ProfileHeaderView.swift in Sources */ = {isa = PBXBuildFile; fileRef = 7BE1C8E71EFEDBC9001570BD /* ProfileHeaderView.swift */; };
		7BE1C8EA1EFEDBC9001570BD /* ProfileHeaderView.xib in Resources */ = {isa = PBXBuildFile; fileRef = 7BE1C8E81EFEDBC9001570BD /* ProfileHeaderView.xib */; };
		870940F11EE6DA3E00292713 /* logo.png in Resources */ = {isa = PBXBuildFile; fileRef = 870940F01EE6DA3E00292713 /* logo.png */; };
		87748A901EE58AE8007064D1 /* 1.png in Resources */ = {isa = PBXBuildFile; fileRef = 87748A8D1EE58AE8007064D1 /* 1.png */; };
		87748A911EE58AE8007064D1 /* 2.png in Resources */ = {isa = PBXBuildFile; fileRef = 87748A8E1EE58AE8007064D1 /* 2.png */; };
		87748A921EE58AE8007064D1 /* 3.png in Resources */ = {isa = PBXBuildFile; fileRef = 87748A8F1EE58AE8007064D1 /* 3.png */; };
		87AF5CF91EE57B9800EEC7A3 /* homeicon.png in Resources */ = {isa = PBXBuildFile; fileRef = 87AF5CF81EE57B9800EEC7A3 /* homeicon.png */; };
		87AF5CFB1EE57BA300EEC7A3 /* onlineresearchfeedbackicon.png in Resources */ = {isa = PBXBuildFile; fileRef = 87AF5CFA1EE57BA300EEC7A3 /* onlineresearchfeedbackicon.png */; };
		87AF5CFD1EE57C6C00EEC7A3 /* about.png in Resources */ = {isa = PBXBuildFile; fileRef = 87AF5CFC1EE57C6C00EEC7A3 /* about.png */; };
		87AF5CFF1EE57C8800EEC7A3 /* menu12.png in Resources */ = {isa = PBXBuildFile; fileRef = 87AF5CFE1EE57C8800EEC7A3 /* menu12.png */; };
		87B1E6CC1EDC4B0300A331C0 /* userimage.png in Resources */ = {isa = PBXBuildFile; fileRef = 87B1E6CB1EDC4B0300A331C0 /* userimage.png */; };
		87B1E6CE1EDC4B0D00A331C0 /* bottom_bg.png in Resources */ = {isa = PBXBuildFile; fileRef = 87B1E6CD1EDC4B0D00A331C0 /* bottom_bg.png */; };
		87B1E6D21EDC4B1800A331C0 /* txtbg.png in Resources */ = {isa = PBXBuildFile; fileRef = 87B1E6D11EDC4B1800A331C0 /* txtbg.png */; };
		87B1E6D71EDC4B5600A331C0 /* checkbox@3.png in Resources */ = {isa = PBXBuildFile; fileRef = 87B1E6D31EDC4B5600A331C0 /* checkbox@3.png */; };
		87B1E6D81EDC4B5600A331C0 /* uncheckbox@3.png in Resources */ = {isa = PBXBuildFile; fileRef = 87B1E6D41EDC4B5600A331C0 /* uncheckbox@3.png */; };
		87B1E6D91EDC4B5600A331C0 /* rd1.png in Resources */ = {isa = PBXBuildFile; fileRef = 87B1E6D51EDC4B5600A331C0 /* rd1.png */; };
		87B1E6DA1EDC4B5600A331C0 /* rd2.png in Resources */ = {isa = PBXBuildFile; fileRef = 87B1E6D61EDC4B5600A331C0 /* rd2.png */; };
		87B1E6DC1EDC4B8B00A331C0 /* 144_app_icon.png in Resources */ = {isa = PBXBuildFile; fileRef = 87B1E6DB1EDC4B8B00A331C0 /* 144_app_icon.png */; };
		87B1E6DE1EDC4C4F00A331C0 /* main_bg.jpg in Resources */ = {isa = PBXBuildFile; fileRef = 87B1E6DD1EDC4C4F00A331C0 /* main_bg.jpg */; };
		87B1E6E01EDC4C7500A331C0 /* UserLoginViewController.swift in Sources */ = {isa = PBXBuildFile; fileRef = 87B1E6DF1EDC4C7500A331C0 /* UserLoginViewController.swift */; };
		87B1E6E41EDC504300A331C0 /* Reachability.swift in Sources */ = {isa = PBXBuildFile; fileRef = 87B1E6E31EDC504300A331C0 /* Reachability.swift */; };
		DC27A2D94EC41819E2069395 /* Pods_MunchpicTests.framework in Frameworks */ = {isa = PBXBuildFile; fileRef = DAB008E4731109BD451A3FF1 /* Pods_MunchpicTests.framework */; };
		DD6961A5045E66814DC7CF7C /* Pods_MunchpicUITests.framework in Frameworks */ = {isa = PBXBuildFile; fileRef = 912951A2373444D11D53EEA4 /* Pods_MunchpicUITests.framework */; };
/* End PBXBuildFile section */

/* Begin PBXContainerItemProxy section */
		7B3576631ED9AA8500FF610A /* PBXContainerItemProxy */ = {
			isa = PBXContainerItemProxy;
			containerPortal = 7B3576461ED9AA8500FF610A /* Project object */;
			proxyType = 1;
			remoteGlobalIDString = 7B35764D1ED9AA8500FF610A;
			remoteInfo = Munchpic;
		};
		7B35766E1ED9AA8500FF610A /* PBXContainerItemProxy */ = {
			isa = PBXContainerItemProxy;
			containerPortal = 7B3576461ED9AA8500FF610A /* Project object */;
			proxyType = 1;
			remoteGlobalIDString = 7B35764D1ED9AA8500FF610A;
			remoteInfo = Munchpic;
		};
/* End PBXContainerItemProxy section */

/* Begin PBXFileReference section */
		1F152B3D9BFBD90DB42B033F /* Pods_Munchpic.framework */ = {isa = PBXFileReference; explicitFileType = wrapper.framework; includeInIndex = 0; path = Pods_Munchpic.framework; sourceTree = BUILT_PRODUCTS_DIR; };
		29360438760831E031DBB521 /* Pods-Munchpic.release.xcconfig */ = {isa = PBXFileReference; includeInIndex = 1; lastKnownFileType = text.xcconfig; name = "Pods-Munchpic.release.xcconfig"; path = "Pods/Target Support Files/Pods-Munchpic/Pods-Munchpic.release.xcconfig"; sourceTree = "<group>"; };
		7B1147B11F0253E500CA48D6 /* LovesTableViewCell.swift */ = {isa = PBXFileReference; fileEncoding = 4; lastKnownFileType = sourcecode.swift; path = LovesTableViewCell.swift; sourceTree = "<group>"; };
		7B1147B31F0258A400CA48D6 /* ProfilkeLovesModel.swift */ = {isa = PBXFileReference; fileEncoding = 4; lastKnownFileType = sourcecode.swift; path = ProfilkeLovesModel.swift; sourceTree = "<group>"; };
		7B142CD81F15084C005559A8 /* Munchpic-Bridging-Header.h */ = {isa = PBXFileReference; lastKnownFileType = sourcecode.c.h; path = "Munchpic-Bridging-Header.h"; sourceTree = "<group>"; };
		7B142CDC1F150A90005559A8 /* GoogleService-Info.plist */ = {isa = PBXFileReference; fileEncoding = 4; lastKnownFileType = text.plist.xml; path = "GoogleService-Info.plist"; sourceTree = "<group>"; };
		7B24DF911EFFC08F00AD85EA /* SearchHeaderView.swift */ = {isa = PBXFileReference; fileEncoding = 4; lastKnownFileType = sourcecode.swift; name = SearchHeaderView.swift; path = HeaderViews/SearchHeaderView.swift; sourceTree = "<group>"; };
		7B24DF921EFFC08F00AD85EA /* SearchHeaderView.xib */ = {isa = PBXFileReference; fileEncoding = 4; lastKnownFileType = file.xib; name = SearchHeaderView.xib; path = HeaderViews/SearchHeaderView.xib; sourceTree = "<group>"; };
		7B29B0E71EDF270A000B5535 /* LoginServiceLayer.swift */ = {isa = PBXFileReference; fileEncoding = 4; lastKnownFileType = sourcecode.swift; path = LoginServiceLayer.swift; sourceTree = "<group>"; };
		7B35764E1ED9AA8500FF610A /* Munchpic.app */ = {isa = PBXFileReference; explicitFileType = wrapper.application; includeInIndex = 0; path = Munchpic.app; sourceTree = BUILT_PRODUCTS_DIR; };
		7B3576511ED9AA8500FF610A /* AppDelegate.swift */ = {isa = PBXFileReference; lastKnownFileType = sourcecode.swift; path = AppDelegate.swift; sourceTree = "<group>"; };
		7B3576531ED9AA8500FF610A /* ViewController.swift */ = {isa = PBXFileReference; lastKnownFileType = sourcecode.swift; path = ViewController.swift; sourceTree = "<group>"; };
		7B3576561ED9AA8500FF610A /* Base */ = {isa = PBXFileReference; lastKnownFileType = file.storyboard; name = Base; path = Base.lproj/Main.storyboard; sourceTree = "<group>"; };
		7B3576581ED9AA8500FF610A /* Assets.xcassets */ = {isa = PBXFileReference; lastKnownFileType = folder.assetcatalog; path = Assets.xcassets; sourceTree = "<group>"; };
		7B35765B1ED9AA8500FF610A /* Base */ = {isa = PBXFileReference; lastKnownFileType = file.storyboard; name = Base; path = Base.lproj/LaunchScreen.storyboard; sourceTree = "<group>"; };
		7B35765D1ED9AA8500FF610A /* Info.plist */ = {isa = PBXFileReference; lastKnownFileType = text.plist.xml; path = Info.plist; sourceTree = "<group>"; };
		7B3576621ED9AA8500FF610A /* MunchpicTests.xctest */ = {isa = PBXFileReference; explicitFileType = wrapper.cfbundle; includeInIndex = 0; path = MunchpicTests.xctest; sourceTree = BUILT_PRODUCTS_DIR; };
		7B3576661ED9AA8500FF610A /* MunchpicTests.swift */ = {isa = PBXFileReference; lastKnownFileType = sourcecode.swift; path = MunchpicTests.swift; sourceTree = "<group>"; };
		7B3576681ED9AA8500FF610A /* Info.plist */ = {isa = PBXFileReference; lastKnownFileType = text.plist.xml; path = Info.plist; sourceTree = "<group>"; };
		7B35766D1ED9AA8500FF610A /* MunchpicUITests.xctest */ = {isa = PBXFileReference; explicitFileType = wrapper.cfbundle; includeInIndex = 0; path = MunchpicUITests.xctest; sourceTree = BUILT_PRODUCTS_DIR; };
		7B3576711ED9AA8500FF610A /* MunchpicUITests.swift */ = {isa = PBXFileReference; lastKnownFileType = sourcecode.swift; path = MunchpicUITests.swift; sourceTree = "<group>"; };
		7B3576731ED9AA8500FF610A /* Info.plist */ = {isa = PBXFileReference; lastKnownFileType = text.plist.xml; path = Info.plist; sourceTree = "<group>"; };
		7B3576821ED9AB2E00FF610A /* RegistrationViewController.swift */ = {isa = PBXFileReference; fileEncoding = 4; lastKnownFileType = sourcecode.swift; path = RegistrationViewController.swift; sourceTree = "<group>"; };
		7B3576861ED9AB5C00FF610A /* HomeViewController.swift */ = {isa = PBXFileReference; fileEncoding = 4; lastKnownFileType = sourcecode.swift; path = HomeViewController.swift; sourceTree = "<group>"; };
		7B3576881ED9AB6E00FF610A /* WindowViewController.swift */ = {isa = PBXFileReference; fileEncoding = 4; lastKnownFileType = sourcecode.swift; path = WindowViewController.swift; sourceTree = "<group>"; };
		7B35768A1ED9AB9500FF610A /* SearchViewController.swift */ = {isa = PBXFileReference; fileEncoding = 4; lastKnownFileType = sourcecode.swift; path = SearchViewController.swift; sourceTree = "<group>"; };
		7B35768C1ED9ABAE00FF610A /* ProfileViewController.swift */ = {isa = PBXFileReference; fileEncoding = 4; lastKnownFileType = sourcecode.swift; path = ProfileViewController.swift; sourceTree = "<group>"; };
		7B35768E1ED9ABC300FF610A /* NewPostViewController.swift */ = {isa = PBXFileReference; fileEncoding = 4; lastKnownFileType = sourcecode.swift; path = NewPostViewController.swift; sourceTree = "<group>"; };
		7B3576901ED9ABDB00FF610A /* AddIngredientsViewController.swift */ = {isa = PBXFileReference; fileEncoding = 4; lastKnownFileType = sourcecode.swift; path = AddIngredientsViewController.swift; sourceTree = "<group>"; };
		7B3576921ED9AC0100FF610A /* DetailViewController.swift */ = {isa = PBXFileReference; fileEncoding = 4; lastKnownFileType = sourcecode.swift; path = DetailViewController.swift; sourceTree = "<group>"; };
		7B3576941ED9AC7B00FF610A /* Receipe.swift */ = {isa = PBXFileReference; fileEncoding = 4; lastKnownFileType = sourcecode.swift; path = Receipe.swift; sourceTree = "<group>"; };
		7B3576961ED9B8FA00FF610A /* ServiceLayer.swift */ = {isa = PBXFileReference; fileEncoding = 4; lastKnownFileType = sourcecode.swift; path = ServiceLayer.swift; sourceTree = "<group>"; };
		7B4182921EF64BCF003C6C3A /* Utility.swift */ = {isa = PBXFileReference; fileEncoding = 4; lastKnownFileType = sourcecode.swift; path = Utility.swift; sourceTree = "<group>"; };
		7B444B001F05051D004FD557 /* User.swift */ = {isa = PBXFileReference; fileEncoding = 4; lastKnownFileType = sourcecode.swift; path = User.swift; sourceTree = "<group>"; };
		7B5A6EE31EE7BFDF00197241 /* CustomCollectionViewCell.swift */ = {isa = PBXFileReference; fileEncoding = 4; lastKnownFileType = sourcecode.swift; path = CustomCollectionViewCell.swift; sourceTree = "<group>"; };
		7B5A6EE41EE7BFDF00197241 /* CustomTableViewCell.swift */ = {isa = PBXFileReference; fileEncoding = 4; lastKnownFileType = sourcecode.swift; path = CustomTableViewCell.swift; sourceTree = "<group>"; };
		7B5A6EE71EE7C35400197241 /* DashboardViewController.swift */ = {isa = PBXFileReference; fileEncoding = 4; lastKnownFileType = sourcecode.swift; path = DashboardViewController.swift; sourceTree = "<group>"; };
		7B94B4951F0BF71900B05AA4 /* RadioButton.swift */ = {isa = PBXFileReference; fileEncoding = 4; lastKnownFileType = sourcecode.swift; path = RadioButton.swift; sourceTree = "<group>"; };
		7B95BAEC1F0CE1CC00404220 /* CommentCell.swift */ = {isa = PBXFileReference; fileEncoding = 4; lastKnownFileType = sourcecode.swift; name = CommentCell.swift; path = CustomTableViewCells/CommentCell.swift; sourceTree = "<group>"; };
		7B95BAF11F0E7B2100404220 /* ProfileDetailViewController.swift */ = {isa = PBXFileReference; fileEncoding = 4; lastKnownFileType = sourcecode.swift; path = ProfileDetailViewController.swift; sourceTree = "<group>"; };
		7B95BAF31F0F861300404220 /* UserPosts.storyboard */ = {isa = PBXFileReference; fileEncoding = 4; lastKnownFileType = file.storyboard; path = UserPosts.storyboard; sourceTree = "<group>"; };
		7B95BAF71F0F8A0F00404220 /* UserPostsController.swift */ = {isa = PBXFileReference; fileEncoding = 4; lastKnownFileType = sourcecode.swift; path = UserPostsController.swift; sourceTree = "<group>"; };
		7B95BAF91F0F8AEC00404220 /* PostCell.swift */ = {isa = PBXFileReference; fileEncoding = 4; lastKnownFileType = sourcecode.swift; name = PostCell.swift; path = CustomTableViewCells/PostCell.swift; sourceTree = "<group>"; };
		7B95BAFB1F0FCBC300404220 /* SearchFilterListController.swift */ = {isa = PBXFileReference; fileEncoding = 4; lastKnownFileType = sourcecode.swift; path = SearchFilterListController.swift; sourceTree = "<group>"; };
		7BD1D3001EDB3E3F003CE82F /* Constants.swift */ = {isa = PBXFileReference; fileEncoding = 4; lastKnownFileType = sourcecode.swift; path = Constants.swift; sourceTree = "<group>"; };
		7BE1C8E31EFE269E001570BD /* PostModel.swift */ = {isa = PBXFileReference; fileEncoding = 4; lastKnownFileType = sourcecode.swift; path = PostModel.swift; sourceTree = "<group>"; };
		7BE1C8E51EFE8267001570BD /* TrendsModel.swift */ = {isa = PBXFileReference; fileEncoding = 4; lastKnownFileType = sourcecode.swift; path = TrendsModel.swift; sourceTree = "<group>"; };
		7BE1C8E71EFEDBC9001570BD /* ProfileHeaderView.swift */ = {isa = PBXFileReference; fileEncoding = 4; lastKnownFileType = sourcecode.swift; name = ProfileHeaderView.swift; path = HeaderViews/ProfileHeaderView.swift; sourceTree = "<group>"; };
		7BE1C8E81EFEDBC9001570BD /* ProfileHeaderView.xib */ = {isa = PBXFileReference; fileEncoding = 4; lastKnownFileType = file.xib; name = ProfileHeaderView.xib; path = HeaderViews/ProfileHeaderView.xib; sourceTree = "<group>"; };
		870940F01EE6DA3E00292713 /* logo.png */ = {isa = PBXFileReference; lastKnownFileType = image.png; name = logo.png; path = Controller/logo.png; sourceTree = "<group>"; };
		87748A8D1EE58AE8007064D1 /* 1.png */ = {isa = PBXFileReference; lastKnownFileType = image.png; path = 1.png; sourceTree = "<group>"; };
		87748A8E1EE58AE8007064D1 /* 2.png */ = {isa = PBXFileReference; lastKnownFileType = image.png; path = 2.png; sourceTree = "<group>"; };
		87748A8F1EE58AE8007064D1 /* 3.png */ = {isa = PBXFileReference; lastKnownFileType = image.png; path = 3.png; sourceTree = "<group>"; };
		87AF5CF81EE57B9800EEC7A3 /* homeicon.png */ = {isa = PBXFileReference; lastKnownFileType = image.png; path = homeicon.png; sourceTree = "<group>"; };
		87AF5CFA1EE57BA300EEC7A3 /* onlineresearchfeedbackicon.png */ = {isa = PBXFileReference; lastKnownFileType = image.png; path = onlineresearchfeedbackicon.png; sourceTree = "<group>"; };
		87AF5CFC1EE57C6C00EEC7A3 /* about.png */ = {isa = PBXFileReference; lastKnownFileType = image.png; path = about.png; sourceTree = "<group>"; };
		87AF5CFE1EE57C8800EEC7A3 /* menu12.png */ = {isa = PBXFileReference; lastKnownFileType = image.png; path = menu12.png; sourceTree = "<group>"; };
		87B1E6CB1EDC4B0300A331C0 /* userimage.png */ = {isa = PBXFileReference; lastKnownFileType = image.png; path = userimage.png; sourceTree = "<group>"; };
		87B1E6CD1EDC4B0D00A331C0 /* bottom_bg.png */ = {isa = PBXFileReference; lastKnownFileType = image.png; path = bottom_bg.png; sourceTree = "<group>"; };
		87B1E6D11EDC4B1800A331C0 /* txtbg.png */ = {isa = PBXFileReference; lastKnownFileType = image.png; path = txtbg.png; sourceTree = "<group>"; };
		87B1E6D31EDC4B5600A331C0 /* checkbox@3.png */ = {isa = PBXFileReference; lastKnownFileType = image.png; path = "checkbox@3.png"; sourceTree = "<group>"; };
		87B1E6D41EDC4B5600A331C0 /* uncheckbox@3.png */ = {isa = PBXFileReference; lastKnownFileType = image.png; path = "uncheckbox@3.png"; sourceTree = "<group>"; };
		87B1E6D51EDC4B5600A331C0 /* rd1.png */ = {isa = PBXFileReference; lastKnownFileType = image.png; path = rd1.png; sourceTree = "<group>"; };
		87B1E6D61EDC4B5600A331C0 /* rd2.png */ = {isa = PBXFileReference; lastKnownFileType = image.png; path = rd2.png; sourceTree = "<group>"; };
		87B1E6DB1EDC4B8B00A331C0 /* 144_app_icon.png */ = {isa = PBXFileReference; lastKnownFileType = image.png; path = 144_app_icon.png; sourceTree = "<group>"; };
		87B1E6DD1EDC4C4F00A331C0 /* main_bg.jpg */ = {isa = PBXFileReference; lastKnownFileType = image.jpeg; path = main_bg.jpg; sourceTree = "<group>"; };
		87B1E6DF1EDC4C7500A331C0 /* UserLoginViewController.swift */ = {isa = PBXFileReference; fileEncoding = 4; lastKnownFileType = sourcecode.swift; path = UserLoginViewController.swift; sourceTree = "<group>"; };
		87B1E6E31EDC504300A331C0 /* Reachability.swift */ = {isa = PBXFileReference; fileEncoding = 4; lastKnownFileType = sourcecode.swift; path = Reachability.swift; sourceTree = "<group>"; };
		89089969296A4B52D4B58278 /* Pods-MunchpicUITests.debug.xcconfig */ = {isa = PBXFileReference; includeInIndex = 1; lastKnownFileType = text.xcconfig; name = "Pods-MunchpicUITests.debug.xcconfig"; path = "Pods/Target Support Files/Pods-MunchpicUITests/Pods-MunchpicUITests.debug.xcconfig"; sourceTree = "<group>"; };
		8A3CF1405D101474AB038E8D /* Pods-MunchpicUITests.release.xcconfig */ = {isa = PBXFileReference; includeInIndex = 1; lastKnownFileType = text.xcconfig; name = "Pods-MunchpicUITests.release.xcconfig"; path = "Pods/Target Support Files/Pods-MunchpicUITests/Pods-MunchpicUITests.release.xcconfig"; sourceTree = "<group>"; };
		8FB862E1B66F01BFBC6049AD /* Pods-MunchpicTests.release.xcconfig */ = {isa = PBXFileReference; includeInIndex = 1; lastKnownFileType = text.xcconfig; name = "Pods-MunchpicTests.release.xcconfig"; path = "Pods/Target Support Files/Pods-MunchpicTests/Pods-MunchpicTests.release.xcconfig"; sourceTree = "<group>"; };
		912951A2373444D11D53EEA4 /* Pods_MunchpicUITests.framework */ = {isa = PBXFileReference; explicitFileType = wrapper.framework; includeInIndex = 0; path = Pods_MunchpicUITests.framework; sourceTree = BUILT_PRODUCTS_DIR; };
		BA15765971EB4BD62F67CDF0 /* Pods-Munchpic.debug.xcconfig */ = {isa = PBXFileReference; includeInIndex = 1; lastKnownFileType = text.xcconfig; name = "Pods-Munchpic.debug.xcconfig"; path = "Pods/Target Support Files/Pods-Munchpic/Pods-Munchpic.debug.xcconfig"; sourceTree = "<group>"; };
		D97D6F6D3DC9587022628620 /* Pods-MunchpicTests.debug.xcconfig */ = {isa = PBXFileReference; includeInIndex = 1; lastKnownFileType = text.xcconfig; name = "Pods-MunchpicTests.debug.xcconfig"; path = "Pods/Target Support Files/Pods-MunchpicTests/Pods-MunchpicTests.debug.xcconfig"; sourceTree = "<group>"; };
		DAB008E4731109BD451A3FF1 /* Pods_MunchpicTests.framework */ = {isa = PBXFileReference; explicitFileType = wrapper.framework; includeInIndex = 0; path = Pods_MunchpicTests.framework; sourceTree = BUILT_PRODUCTS_DIR; };
/* End PBXFileReference section */

/* Begin PBXFrameworksBuildPhase section */
		7B35764B1ED9AA8500FF610A /* Frameworks */ = {
			isa = PBXFrameworksBuildPhase;
			buildActionMask = 2147483647;
			files = (
				6B754CB104409B1AD97BB7F9 /* Pods_Munchpic.framework in Frameworks */,
			);
			runOnlyForDeploymentPostprocessing = 0;
		};
		7B35765F1ED9AA8500FF610A /* Frameworks */ = {
			isa = PBXFrameworksBuildPhase;
			buildActionMask = 2147483647;
			files = (
				DC27A2D94EC41819E2069395 /* Pods_MunchpicTests.framework in Frameworks */,
			);
			runOnlyForDeploymentPostprocessing = 0;
		};
		7B35766A1ED9AA8500FF610A /* Frameworks */ = {
			isa = PBXFrameworksBuildPhase;
			buildActionMask = 2147483647;
			files = (
				DD6961A5045E66814DC7CF7C /* Pods_MunchpicUITests.framework in Frameworks */,
			);
			runOnlyForDeploymentPostprocessing = 0;
		};
/* End PBXFrameworksBuildPhase section */

/* Begin PBXGroup section */
		7B31E9681EE984D300609076 /* HeaderViews */ = {
			isa = PBXGroup;
			children = (
				7BE1C8E71EFEDBC9001570BD /* ProfileHeaderView.swift */,
				7BE1C8E81EFEDBC9001570BD /* ProfileHeaderView.xib */,
				7B24DF911EFFC08F00AD85EA /* SearchHeaderView.swift */,
				7B24DF921EFFC08F00AD85EA /* SearchHeaderView.xib */,
			);
			name = HeaderViews;
			sourceTree = "<group>";
		};
		7B3576451ED9AA8500FF610A = {
			isa = PBXGroup;
			children = (
				7B3576501ED9AA8500FF610A /* Munchpic */,
				7B3576651ED9AA8500FF610A /* MunchpicTests */,
				7B3576701ED9AA8500FF610A /* MunchpicUITests */,
				7B35764F1ED9AA8500FF610A /* Products */,
				AF2190AE6978676DF18CE4D5 /* Pods */,
				A36F4A394C41580465F4F571 /* Frameworks */,
			);
			sourceTree = "<group>";
		};
		7B35764F1ED9AA8500FF610A /* Products */ = {
			isa = PBXGroup;
			children = (
				7B35764E1ED9AA8500FF610A /* Munchpic.app */,
				7B3576621ED9AA8500FF610A /* MunchpicTests.xctest */,
				7B35766D1ED9AA8500FF610A /* MunchpicUITests.xctest */,
			);
			name = Products;
			sourceTree = "<group>";
		};
		7B3576501ED9AA8500FF610A /* Munchpic */ = {
			isa = PBXGroup;
			children = (
				87B1E6CA1EDC4AE700A331C0 /* Images */,
				7B3576511ED9AA8500FF610A /* AppDelegate.swift */,
				7B3576531ED9AA8500FF610A /* ViewController.swift */,
				7B35767F1ED9AAC400FF610A /* Controller */,
				7B3576801ED9AB0D00FF610A /* Models */,
				7B3576811ED9AB0D00FF610A /* WebServices */,
				7BD1D3001EDB3E3F003CE82F /* Constants.swift */,
				7B4182921EF64BCF003C6C3A /* Utility.swift */,
				7B3576551ED9AA8500FF610A /* Main.storyboard */,
				7B95BAF31F0F861300404220 /* UserPosts.storyboard */,
				7B3576581ED9AA8500FF610A /* Assets.xcassets */,
				7B35765A1ED9AA8500FF610A /* LaunchScreen.storyboard */,
				7B35765D1ED9AA8500FF610A /* Info.plist */,
				7B142CDC1F150A90005559A8 /* GoogleService-Info.plist */,
				7B142CD81F15084C005559A8 /* Munchpic-Bridging-Header.h */,
			);
			path = Munchpic;
			sourceTree = "<group>";
		};
		7B3576651ED9AA8500FF610A /* MunchpicTests */ = {
			isa = PBXGroup;
			children = (
				7B3576661ED9AA8500FF610A /* MunchpicTests.swift */,
				7B3576681ED9AA8500FF610A /* Info.plist */,
			);
			path = MunchpicTests;
			sourceTree = "<group>";
		};
		7B3576701ED9AA8500FF610A /* MunchpicUITests */ = {
			isa = PBXGroup;
			children = (
				7B3576711ED9AA8500FF610A /* MunchpicUITests.swift */,
				7B3576731ED9AA8500FF610A /* Info.plist */,
			);
			path = MunchpicUITests;
			sourceTree = "<group>";
		};
		7B35767F1ED9AAC400FF610A /* Controller */ = {
			isa = PBXGroup;
			children = (
				7B95BAEB1F0CE18400404220 /* CustomTableViewCells */,
				7B31E9681EE984D300609076 /* HeaderViews */,
				7B5A6EE31EE7BFDF00197241 /* CustomCollectionViewCell.swift */,
				7B5A6EE41EE7BFDF00197241 /* CustomTableViewCell.swift */,
				87B1E6E31EDC504300A331C0 /* Reachability.swift */,
				7B95BAEF1F0CEE8300404220 /* UserLogin */,
				7B5A6EE71EE7C35400197241 /* DashboardViewController.swift */,
				7B95BAF01F0CEE9D00404220 /* HomePage */,
				7B3576921ED9AC0100FF610A /* DetailViewController.swift */,
				7B95BAF11F0E7B2100404220 /* ProfileDetailViewController.swift */,
				7B95BAFB1F0FCBC300404220 /* SearchFilterListController.swift */,
				7B95BAF71F0F8A0F00404220 /* UserPostsController.swift */,
				7B35768E1ED9ABC300FF610A /* NewPostViewController.swift */,
				7B3576901ED9ABDB00FF610A /* AddIngredientsViewController.swift */,
				7B94B4951F0BF71900B05AA4 /* RadioButton.swift */,
			);
			path = Controller;
			sourceTree = "<group>";
		};
		7B3576801ED9AB0D00FF610A /* Models */ = {
			isa = PBXGroup;
			children = (
				7B444B001F05051D004FD557 /* User.swift */,
				7B3576941ED9AC7B00FF610A /* Receipe.swift */,
				7BE1C8E31EFE269E001570BD /* PostModel.swift */,
				7BE1C8E51EFE8267001570BD /* TrendsModel.swift */,
				7B1147B31F0258A400CA48D6 /* ProfilkeLovesModel.swift */,
				7B1147B11F0253E500CA48D6 /* LovesTableViewCell.swift */,
			);
			path = Models;
			sourceTree = "<group>";
		};
		7B3576811ED9AB0D00FF610A /* WebServices */ = {
			isa = PBXGroup;
			children = (
				7B3576961ED9B8FA00FF610A /* ServiceLayer.swift */,
				7B29B0E71EDF270A000B5535 /* LoginServiceLayer.swift */,
			);
			path = WebServices;
			sourceTree = "<group>";
		};
		7B95BAEB1F0CE18400404220 /* CustomTableViewCells */ = {
			isa = PBXGroup;
			children = (
				7B95BAEC1F0CE1CC00404220 /* CommentCell.swift */,
				7B95BAF91F0F8AEC00404220 /* PostCell.swift */,
			);
			name = CustomTableViewCells;
			sourceTree = "<group>";
		};
		7B95BAEF1F0CEE8300404220 /* UserLogin */ = {
			isa = PBXGroup;
			children = (
				7B3576821ED9AB2E00FF610A /* RegistrationViewController.swift */,
				87B1E6DF1EDC4C7500A331C0 /* UserLoginViewController.swift */,
			);
			name = UserLogin;
			sourceTree = "<group>";
		};
		7B95BAF01F0CEE9D00404220 /* HomePage */ = {
			isa = PBXGroup;
			children = (
				7B3576861ED9AB5C00FF610A /* HomeViewController.swift */,
				7B35768A1ED9AB9500FF610A /* SearchViewController.swift */,
				7B3576881ED9AB6E00FF610A /* WindowViewController.swift */,
				7B35768C1ED9ABAE00FF610A /* ProfileViewController.swift */,
			);
			name = HomePage;
			sourceTree = "<group>";
		};
		87B1E6CA1EDC4AE700A331C0 /* Images */ = {
			isa = PBXGroup;
			children = (
				87748A8D1EE58AE8007064D1 /* 1.png */,
				87748A8E1EE58AE8007064D1 /* 2.png */,
				87748A8F1EE58AE8007064D1 /* 3.png */,
				87AF5CFA1EE57BA300EEC7A3 /* onlineresearchfeedbackicon.png */,
				87AF5CFE1EE57C8800EEC7A3 /* menu12.png */,
				87B1E6CD1EDC4B0D00A331C0 /* bottom_bg.png */,
				87AF5CFC1EE57C6C00EEC7A3 /* about.png */,
				87AF5CF81EE57B9800EEC7A3 /* homeicon.png */,
				87B1E6DD1EDC4C4F00A331C0 /* main_bg.jpg */,
				87B1E6DB1EDC4B8B00A331C0 /* 144_app_icon.png */,
				87B1E6CB1EDC4B0300A331C0 /* userimage.png */,
				870940F01EE6DA3E00292713 /* logo.png */,
				87B1E6D11EDC4B1800A331C0 /* txtbg.png */,
				87B1E6D31EDC4B5600A331C0 /* checkbox@3.png */,
				87B1E6D41EDC4B5600A331C0 /* uncheckbox@3.png */,
				87B1E6D51EDC4B5600A331C0 /* rd1.png */,
				87B1E6D61EDC4B5600A331C0 /* rd2.png */,
			);
			name = Images;
			sourceTree = "<group>";
		};
		A36F4A394C41580465F4F571 /* Frameworks */ = {
			isa = PBXGroup;
			children = (
				1F152B3D9BFBD90DB42B033F /* Pods_Munchpic.framework */,
				DAB008E4731109BD451A3FF1 /* Pods_MunchpicTests.framework */,
				912951A2373444D11D53EEA4 /* Pods_MunchpicUITests.framework */,
			);
			name = Frameworks;
			sourceTree = "<group>";
		};
		AF2190AE6978676DF18CE4D5 /* Pods */ = {
			isa = PBXGroup;
			children = (
				BA15765971EB4BD62F67CDF0 /* Pods-Munchpic.debug.xcconfig */,
				29360438760831E031DBB521 /* Pods-Munchpic.release.xcconfig */,
				D97D6F6D3DC9587022628620 /* Pods-MunchpicTests.debug.xcconfig */,
				8FB862E1B66F01BFBC6049AD /* Pods-MunchpicTests.release.xcconfig */,
				89089969296A4B52D4B58278 /* Pods-MunchpicUITests.debug.xcconfig */,
				8A3CF1405D101474AB038E8D /* Pods-MunchpicUITests.release.xcconfig */,
			);
			name = Pods;
			sourceTree = "<group>";
		};
/* End PBXGroup section */

/* Begin PBXNativeTarget section */
		7B35764D1ED9AA8500FF610A /* Munchpic */ = {
			isa = PBXNativeTarget;
			buildConfigurationList = 7B3576761ED9AA8500FF610A /* Build configuration list for PBXNativeTarget "Munchpic" */;
			buildPhases = (
				2B1731CE3B4C173CC41CB190 /* [CP] Check Pods Manifest.lock */,
				7B35764A1ED9AA8500FF610A /* Sources */,
				7B35764B1ED9AA8500FF610A /* Frameworks */,
				7B35764C1ED9AA8500FF610A /* Resources */,
				4D06B1F07550612B4094DE21 /* [CP] Embed Pods Frameworks */,
				1C178A1033F3AC70F3179ADB /* [CP] Copy Pods Resources */,
			);
			buildRules = (
			);
			dependencies = (
			);
			name = Munchpic;
			productName = Munchpic;
			productReference = 7B35764E1ED9AA8500FF610A /* Munchpic.app */;
			productType = "com.apple.product-type.application";
		};
		7B3576611ED9AA8500FF610A /* MunchpicTests */ = {
			isa = PBXNativeTarget;
			buildConfigurationList = 7B3576791ED9AA8500FF610A /* Build configuration list for PBXNativeTarget "MunchpicTests" */;
			buildPhases = (
				DD085BDC6F48CF7B7437AB9F /* [CP] Check Pods Manifest.lock */,
				7B35765E1ED9AA8500FF610A /* Sources */,
				7B35765F1ED9AA8500FF610A /* Frameworks */,
				7B3576601ED9AA8500FF610A /* Resources */,
				04CAC68FF181AE58C9E904E0 /* [CP] Embed Pods Frameworks */,
				5668CB8A611A4ADBBD4B9F79 /* [CP] Copy Pods Resources */,
			);
			buildRules = (
			);
			dependencies = (
				7B3576641ED9AA8500FF610A /* PBXTargetDependency */,
			);
			name = MunchpicTests;
			productName = MunchpicTests;
			productReference = 7B3576621ED9AA8500FF610A /* MunchpicTests.xctest */;
			productType = "com.apple.product-type.bundle.unit-test";
		};
		7B35766C1ED9AA8500FF610A /* MunchpicUITests */ = {
			isa = PBXNativeTarget;
			buildConfigurationList = 7B35767C1ED9AA8500FF610A /* Build configuration list for PBXNativeTarget "MunchpicUITests" */;
			buildPhases = (
				9782BF4F3DA8343AC0F8A5D9 /* [CP] Check Pods Manifest.lock */,
				7B3576691ED9AA8500FF610A /* Sources */,
				7B35766A1ED9AA8500FF610A /* Frameworks */,
				7B35766B1ED9AA8500FF610A /* Resources */,
				4BF6F6BC4EFD81932D0D349C /* [CP] Embed Pods Frameworks */,
				FEFB5EAAB281266AD1227F9D /* [CP] Copy Pods Resources */,
			);
			buildRules = (
			);
			dependencies = (
				7B35766F1ED9AA8500FF610A /* PBXTargetDependency */,
			);
			name = MunchpicUITests;
			productName = MunchpicUITests;
			productReference = 7B35766D1ED9AA8500FF610A /* MunchpicUITests.xctest */;
			productType = "com.apple.product-type.bundle.ui-testing";
		};
/* End PBXNativeTarget section */

/* Begin PBXProject section */
		7B3576461ED9AA8500FF610A /* Project object */ = {
			isa = PBXProject;
			attributes = {
				LastSwiftUpdateCheck = 0830;
				LastUpgradeCheck = 0830;
				ORGANIZATIONNAME = "Pavithra Jayanna";
				TargetAttributes = {
					7B35764D1ED9AA8500FF610A = {
						CreatedOnToolsVersion = 8.3.2;
						DevelopmentTeam = QSLY5SF2LD;
						LastSwiftMigration = 0830;
						ProvisioningStyle = Manual;
					};
					7B3576611ED9AA8500FF610A = {
						CreatedOnToolsVersion = 8.3.2;
						ProvisioningStyle = Manual;
						TestTargetID = 7B35764D1ED9AA8500FF610A;
					};
					7B35766C1ED9AA8500FF610A = {
						CreatedOnToolsVersion = 8.3.2;
						ProvisioningStyle = Automatic;
						TestTargetID = 7B35764D1ED9AA8500FF610A;
					};
				};
			};
			buildConfigurationList = 7B3576491ED9AA8500FF610A /* Build configuration list for PBXProject "Munchpic" */;
			compatibilityVersion = "Xcode 3.2";
			developmentRegion = English;
			hasScannedForEncodings = 0;
			knownRegions = (
				en,
				Base,
			);
			mainGroup = 7B3576451ED9AA8500FF610A;
			productRefGroup = 7B35764F1ED9AA8500FF610A /* Products */;
			projectDirPath = "";
			projectRoot = "";
			targets = (
				7B35764D1ED9AA8500FF610A /* Munchpic */,
				7B3576611ED9AA8500FF610A /* MunchpicTests */,
				7B35766C1ED9AA8500FF610A /* MunchpicUITests */,
			);
		};
/* End PBXProject section */

/* Begin PBXResourcesBuildPhase section */
		7B35764C1ED9AA8500FF610A /* Resources */ = {
			isa = PBXResourcesBuildPhase;
			buildActionMask = 2147483647;
			files = (
				7B24DF941EFFC08F00AD85EA /* SearchHeaderView.xib in Resources */,
				87B1E6DC1EDC4B8B00A331C0 /* 144_app_icon.png in Resources */,
				87B1E6D91EDC4B5600A331C0 /* rd1.png in Resources */,
				7BE1C8EA1EFEDBC9001570BD /* ProfileHeaderView.xib in Resources */,
				87B1E6CE1EDC4B0D00A331C0 /* bottom_bg.png in Resources */,
				7B35765C1ED9AA8500FF610A /* LaunchScreen.storyboard in Resources */,
				87AF5CFF1EE57C8800EEC7A3 /* menu12.png in Resources */,
				87B1E6DE1EDC4C4F00A331C0 /* main_bg.jpg in Resources */,
				87AF5CFB1EE57BA300EEC7A3 /* onlineresearchfeedbackicon.png in Resources */,
				87AF5CFD1EE57C6C00EEC7A3 /* about.png in Resources */,
				87748A901EE58AE8007064D1 /* 1.png in Resources */,
				87B1E6D71EDC4B5600A331C0 /* checkbox@3.png in Resources */,
				7B95BAF41F0F861300404220 /* UserPosts.storyboard in Resources */,
				870940F11EE6DA3E00292713 /* logo.png in Resources */,
				7B3576591ED9AA8500FF610A /* Assets.xcassets in Resources */,
				87B1E6D21EDC4B1800A331C0 /* txtbg.png in Resources */,
				87AF5CF91EE57B9800EEC7A3 /* homeicon.png in Resources */,
				7B142CDD1F150A90005559A8 /* GoogleService-Info.plist in Resources */,
				87B1E6D81EDC4B5600A331C0 /* uncheckbox@3.png in Resources */,
				87748A921EE58AE8007064D1 /* 3.png in Resources */,
				87B1E6CC1EDC4B0300A331C0 /* userimage.png in Resources */,
				87748A911EE58AE8007064D1 /* 2.png in Resources */,
				7B3576571ED9AA8500FF610A /* Main.storyboard in Resources */,
				87B1E6DA1EDC4B5600A331C0 /* rd2.png in Resources */,
			);
			runOnlyForDeploymentPostprocessing = 0;
		};
		7B3576601ED9AA8500FF610A /* Resources */ = {
			isa = PBXResourcesBuildPhase;
			buildActionMask = 2147483647;
			files = (
			);
			runOnlyForDeploymentPostprocessing = 0;
		};
		7B35766B1ED9AA8500FF610A /* Resources */ = {
			isa = PBXResourcesBuildPhase;
			buildActionMask = 2147483647;
			files = (
			);
			runOnlyForDeploymentPostprocessing = 0;
		};
/* End PBXResourcesBuildPhase section */

/* Begin PBXShellScriptBuildPhase section */
		04CAC68FF181AE58C9E904E0 /* [CP] Embed Pods Frameworks */ = {
			isa = PBXShellScriptBuildPhase;
			buildActionMask = 2147483647;
			files = (
			);
			inputPaths = (
			);
			name = "[CP] Embed Pods Frameworks";
			outputPaths = (
			);
			runOnlyForDeploymentPostprocessing = 0;
			shellPath = /bin/sh;
			shellScript = "\"${SRCROOT}/Pods/Target Support Files/Pods-MunchpicTests/Pods-MunchpicTests-frameworks.sh\"\n";
			showEnvVarsInLog = 0;
		};
		1C178A1033F3AC70F3179ADB /* [CP] Copy Pods Resources */ = {
			isa = PBXShellScriptBuildPhase;
			buildActionMask = 2147483647;
			files = (
			);
			inputPaths = (
			);
			name = "[CP] Copy Pods Resources";
			outputPaths = (
			);
			runOnlyForDeploymentPostprocessing = 0;
			shellPath = /bin/sh;
			shellScript = "\"${SRCROOT}/Pods/Target Support Files/Pods-Munchpic/Pods-Munchpic-resources.sh\"\n";
			showEnvVarsInLog = 0;
		};
		2B1731CE3B4C173CC41CB190 /* [CP] Check Pods Manifest.lock */ = {
			isa = PBXShellScriptBuildPhase;
			buildActionMask = 2147483647;
			files = (
			);
			inputPaths = (
			);
			name = "[CP] Check Pods Manifest.lock";
			outputPaths = (
			);
			runOnlyForDeploymentPostprocessing = 0;
			shellPath = /bin/sh;
			shellScript = "diff \"${PODS_ROOT}/../Podfile.lock\" \"${PODS_ROOT}/Manifest.lock\" > /dev/null\nif [ $? != 0 ] ; then\n    # print error to STDERR\n    echo \"error: The sandbox is not in sync with the Podfile.lock. Run 'pod install' or update your CocoaPods installation.\" >&2\n    exit 1\nfi\n";
			showEnvVarsInLog = 0;
		};
		4BF6F6BC4EFD81932D0D349C /* [CP] Embed Pods Frameworks */ = {
			isa = PBXShellScriptBuildPhase;
			buildActionMask = 2147483647;
			files = (
			);
			inputPaths = (
			);
			name = "[CP] Embed Pods Frameworks";
			outputPaths = (
			);
			runOnlyForDeploymentPostprocessing = 0;
			shellPath = /bin/sh;
			shellScript = "\"${SRCROOT}/Pods/Target Support Files/Pods-MunchpicUITests/Pods-MunchpicUITests-frameworks.sh\"\n";
			showEnvVarsInLog = 0;
		};
		4D06B1F07550612B4094DE21 /* [CP] Embed Pods Frameworks */ = {
			isa = PBXShellScriptBuildPhase;
			buildActionMask = 2147483647;
			files = (
			);
			inputPaths = (
			);
			name = "[CP] Embed Pods Frameworks";
			outputPaths = (
			);
			runOnlyForDeploymentPostprocessing = 0;
			shellPath = /bin/sh;
			shellScript = "\"${SRCROOT}/Pods/Target Support Files/Pods-Munchpic/Pods-Munchpic-frameworks.sh\"\n";
			showEnvVarsInLog = 0;
		};
		5668CB8A611A4ADBBD4B9F79 /* [CP] Copy Pods Resources */ = {
			isa = PBXShellScriptBuildPhase;
			buildActionMask = 2147483647;
			files = (
			);
			inputPaths = (
			);
			name = "[CP] Copy Pods Resources";
			outputPaths = (
			);
			runOnlyForDeploymentPostprocessing = 0;
			shellPath = /bin/sh;
			shellScript = "\"${SRCROOT}/Pods/Target Support Files/Pods-MunchpicTests/Pods-MunchpicTests-resources.sh\"\n";
			showEnvVarsInLog = 0;
		};
		9782BF4F3DA8343AC0F8A5D9 /* [CP] Check Pods Manifest.lock */ = {
			isa = PBXShellScriptBuildPhase;
			buildActionMask = 2147483647;
			files = (
			);
			inputPaths = (
			);
			name = "[CP] Check Pods Manifest.lock";
			outputPaths = (
			);
			runOnlyForDeploymentPostprocessing = 0;
			shellPath = /bin/sh;
			shellScript = "diff \"${PODS_ROOT}/../Podfile.lock\" \"${PODS_ROOT}/Manifest.lock\" > /dev/null\nif [ $? != 0 ] ; then\n    # print error to STDERR\n    echo \"error: The sandbox is not in sync with the Podfile.lock. Run 'pod install' or update your CocoaPods installation.\" >&2\n    exit 1\nfi\n";
			showEnvVarsInLog = 0;
		};
		DD085BDC6F48CF7B7437AB9F /* [CP] Check Pods Manifest.lock */ = {
			isa = PBXShellScriptBuildPhase;
			buildActionMask = 2147483647;
			files = (
			);
			inputPaths = (
			);
			name = "[CP] Check Pods Manifest.lock";
			outputPaths = (
			);
			runOnlyForDeploymentPostprocessing = 0;
			shellPath = /bin/sh;
			shellScript = "diff \"${PODS_ROOT}/../Podfile.lock\" \"${PODS_ROOT}/Manifest.lock\" > /dev/null\nif [ $? != 0 ] ; then\n    # print error to STDERR\n    echo \"error: The sandbox is not in sync with the Podfile.lock. Run 'pod install' or update your CocoaPods installation.\" >&2\n    exit 1\nfi\n";
			showEnvVarsInLog = 0;
		};
		FEFB5EAAB281266AD1227F9D /* [CP] Copy Pods Resources */ = {
			isa = PBXShellScriptBuildPhase;
			buildActionMask = 2147483647;
			files = (
			);
			inputPaths = (
			);
			name = "[CP] Copy Pods Resources";
			outputPaths = (
			);
			runOnlyForDeploymentPostprocessing = 0;
			shellPath = /bin/sh;
			shellScript = "\"${SRCROOT}/Pods/Target Support Files/Pods-MunchpicUITests/Pods-MunchpicUITests-resources.sh\"\n";
			showEnvVarsInLog = 0;
		};
/* End PBXShellScriptBuildPhase section */

/* Begin PBXSourcesBuildPhase section */
		7B35764A1ED9AA8500FF610A /* Sources */ = {
			isa = PBXSourcesBuildPhase;
			buildActionMask = 2147483647;
			files = (
				7B3576931ED9AC0100FF610A /* DetailViewController.swift in Sources */,
				7BE1C8E41EFE269E001570BD /* PostModel.swift in Sources */,
				7B5A6EE81EE7C35400197241 /* DashboardViewController.swift in Sources */,
				7B5A6EE51EE7BFDF00197241 /* CustomCollectionViewCell.swift in Sources */,
				7B5A6EE61EE7BFDF00197241 /* CustomTableViewCell.swift in Sources */,
				7B95BAED1F0CE1CC00404220 /* CommentCell.swift in Sources */,
				7B3576871ED9AB5C00FF610A /* HomeViewController.swift in Sources */,
				7B35768B1ED9AB9500FF610A /* SearchViewController.swift in Sources */,
				7B3576831ED9AB2E00FF610A /* RegistrationViewController.swift in Sources */,
				7B444B011F05051D004FD557 /* User.swift in Sources */,
				7B3576971ED9B8FA00FF610A /* ServiceLayer.swift in Sources */,
				7BD1D3011EDB3E3F003CE82F /* Constants.swift in Sources */,
				7B1147B21F0253E500CA48D6 /* LovesTableViewCell.swift in Sources */,
				7B3576911ED9ABDB00FF610A /* AddIngredientsViewController.swift in Sources */,
				7B95BAF21F0E7B2100404220 /* ProfileDetailViewController.swift in Sources */,
				7B95BAFA1F0F8AEC00404220 /* PostCell.swift in Sources */,
				7B24DF931EFFC08F00AD85EA /* SearchHeaderView.swift in Sources */,
				7B95BAF81F0F8A0F00404220 /* UserPostsController.swift in Sources */,
				7BE1C8E91EFEDBC9001570BD /* ProfileHeaderView.swift in Sources */,
				7B3576541ED9AA8500FF610A /* ViewController.swift in Sources */,
				7B1147B41F0258A400CA48D6 /* ProfilkeLovesModel.swift in Sources */,
				7B35768F1ED9ABC300FF610A /* NewPostViewController.swift in Sources */,
				7B94B4961F0BF71900B05AA4 /* RadioButton.swift in Sources */,
				7B3576891ED9AB6E00FF610A /* WindowViewController.swift in Sources */,
				7B95BAFC1F0FCBC300404220 /* SearchFilterListController.swift in Sources */,
				7B4182931EF64BCF003C6C3A /* Utility.swift in Sources */,
				7B3576951ED9AC7B00FF610A /* Receipe.swift in Sources */,
				87B1E6E41EDC504300A331C0 /* Reachability.swift in Sources */,
				7B35768D1ED9ABAE00FF610A /* ProfileViewController.swift in Sources */,
				7B29B0E81EDF270A000B5535 /* LoginServiceLayer.swift in Sources */,
				7B3576521ED9AA8500FF610A /* AppDelegate.swift in Sources */,
				87B1E6E01EDC4C7500A331C0 /* UserLoginViewController.swift in Sources */,
				7BE1C8E61EFE8267001570BD /* TrendsModel.swift in Sources */,
			);
			runOnlyForDeploymentPostprocessing = 0;
		};
		7B35765E1ED9AA8500FF610A /* Sources */ = {
			isa = PBXSourcesBuildPhase;
			buildActionMask = 2147483647;
			files = (
				7B3576671ED9AA8500FF610A /* MunchpicTests.swift in Sources */,
			);
			runOnlyForDeploymentPostprocessing = 0;
		};
		7B3576691ED9AA8500FF610A /* Sources */ = {
			isa = PBXSourcesBuildPhase;
			buildActionMask = 2147483647;
			files = (
				7B3576721ED9AA8500FF610A /* MunchpicUITests.swift in Sources */,
			);
			runOnlyForDeploymentPostprocessing = 0;
		};
/* End PBXSourcesBuildPhase section */

/* Begin PBXTargetDependency section */
		7B3576641ED9AA8500FF610A /* PBXTargetDependency */ = {
			isa = PBXTargetDependency;
			target = 7B35764D1ED9AA8500FF610A /* Munchpic */;
			targetProxy = 7B3576631ED9AA8500FF610A /* PBXContainerItemProxy */;
		};
		7B35766F1ED9AA8500FF610A /* PBXTargetDependency */ = {
			isa = PBXTargetDependency;
			target = 7B35764D1ED9AA8500FF610A /* Munchpic */;
			targetProxy = 7B35766E1ED9AA8500FF610A /* PBXContainerItemProxy */;
		};
/* End PBXTargetDependency section */

/* Begin PBXVariantGroup section */
		7B3576551ED9AA8500FF610A /* Main.storyboard */ = {
			isa = PBXVariantGroup;
			children = (
				7B3576561ED9AA8500FF610A /* Base */,
			);
			name = Main.storyboard;
			sourceTree = "<group>";
		};
		7B35765A1ED9AA8500FF610A /* LaunchScreen.storyboard */ = {
			isa = PBXVariantGroup;
			children = (
				7B35765B1ED9AA8500FF610A /* Base */,
			);
			name = LaunchScreen.storyboard;
			sourceTree = "<group>";
		};
/* End PBXVariantGroup section */

/* Begin XCBuildConfiguration section */
		7B3576741ED9AA8500FF610A /* Debug */ = {
			isa = XCBuildConfiguration;
			buildSettings = {
				ALWAYS_SEARCH_USER_PATHS = NO;
				CLANG_ANALYZER_NONNULL = YES;
				CLANG_ANALYZER_NUMBER_OBJECT_CONVERSION = YES_AGGRESSIVE;
				CLANG_CXX_LANGUAGE_STANDARD = "gnu++0x";
				CLANG_CXX_LIBRARY = "libc++";
				CLANG_ENABLE_MODULES = YES;
				CLANG_ENABLE_OBJC_ARC = YES;
				CLANG_WARN_BOOL_CONVERSION = YES;
				CLANG_WARN_CONSTANT_CONVERSION = YES;
				CLANG_WARN_DIRECT_OBJC_ISA_USAGE = YES_ERROR;
				CLANG_WARN_DOCUMENTATION_COMMENTS = YES;
				CLANG_WARN_EMPTY_BODY = YES;
				CLANG_WARN_ENUM_CONVERSION = YES;
				CLANG_WARN_INFINITE_RECURSION = YES;
				CLANG_WARN_INT_CONVERSION = YES;
				CLANG_WARN_OBJC_ROOT_CLASS = YES_ERROR;
				CLANG_WARN_SUSPICIOUS_MOVE = YES;
				CLANG_WARN_UNREACHABLE_CODE = YES;
				CLANG_WARN__DUPLICATE_METHOD_MATCH = YES;
				CODE_SIGN_IDENTITY = "iPhone Distribution: LINEOLOGY PRIVATE LIMITED (QSLY5SF2LD)";
				"CODE_SIGN_IDENTITY[sdk=iphoneos*]" = "iPhone Distribution: LINEOLOGY PRIVATE LIMITED (QSLY5SF2LD)";
				COPY_PHASE_STRIP = NO;
				DEBUG_INFORMATION_FORMAT = dwarf;
				ENABLE_STRICT_OBJC_MSGSEND = YES;
				ENABLE_TESTABILITY = YES;
				GCC_C_LANGUAGE_STANDARD = gnu99;
				GCC_DYNAMIC_NO_PIC = NO;
				GCC_NO_COMMON_BLOCKS = YES;
				GCC_OPTIMIZATION_LEVEL = 0;
				GCC_PREPROCESSOR_DEFINITIONS = (
					"DEBUG=1",
					"$(inherited)",
				);
				GCC_WARN_64_TO_32_BIT_CONVERSION = YES;
				GCC_WARN_ABOUT_RETURN_TYPE = YES_ERROR;
				GCC_WARN_UNDECLARED_SELECTOR = YES;
				GCC_WARN_UNINITIALIZED_AUTOS = YES_AGGRESSIVE;
				GCC_WARN_UNUSED_FUNCTION = YES;
				GCC_WARN_UNUSED_VARIABLE = YES;
				IPHONEOS_DEPLOYMENT_TARGET = 10.3;
				MTL_ENABLE_DEBUG_INFO = YES;
				ONLY_ACTIVE_ARCH = YES;
				PROVISIONING_PROFILE = "d7cfbbc9-862a-44d0-8d3c-b05e21bd8e2d";
				SDKROOT = iphoneos;
				SWIFT_ACTIVE_COMPILATION_CONDITIONS = DEBUG;
				SWIFT_OPTIMIZATION_LEVEL = "-Onone";
				TARGETED_DEVICE_FAMILY = "1,2";
			};
			name = Debug;
		};
		7B3576751ED9AA8500FF610A /* Release */ = {
			isa = XCBuildConfiguration;
			buildSettings = {
				ALWAYS_SEARCH_USER_PATHS = NO;
				CLANG_ANALYZER_NONNULL = YES;
				CLANG_ANALYZER_NUMBER_OBJECT_CONVERSION = YES_AGGRESSIVE;
				CLANG_CXX_LANGUAGE_STANDARD = "gnu++0x";
				CLANG_CXX_LIBRARY = "libc++";
				CLANG_ENABLE_MODULES = YES;
				CLANG_ENABLE_OBJC_ARC = YES;
				CLANG_WARN_BOOL_CONVERSION = YES;
				CLANG_WARN_CONSTANT_CONVERSION = YES;
				CLANG_WARN_DIRECT_OBJC_ISA_USAGE = YES_ERROR;
				CLANG_WARN_DOCUMENTATION_COMMENTS = YES;
				CLANG_WARN_EMPTY_BODY = YES;
				CLANG_WARN_ENUM_CONVERSION = YES;
				CLANG_WARN_INFINITE_RECURSION = YES;
				CLANG_WARN_INT_CONVERSION = YES;
				CLANG_WARN_OBJC_ROOT_CLASS = YES_ERROR;
				CLANG_WARN_SUSPICIOUS_MOVE = YES;
				CLANG_WARN_UNREACHABLE_CODE = YES;
				CLANG_WARN__DUPLICATE_METHOD_MATCH = YES;
				CODE_SIGN_IDENTITY = "iPhone Distribution: LINEOLOGY PRIVATE LIMITED (QSLY5SF2LD)";
				"CODE_SIGN_IDENTITY[sdk=iphoneos*]" = "iPhone Distribution: LINEOLOGY PRIVATE LIMITED (QSLY5SF2LD)";
				COPY_PHASE_STRIP = NO;
				DEBUG_INFORMATION_FORMAT = "dwarf-with-dsym";
				ENABLE_NS_ASSERTIONS = NO;
				ENABLE_STRICT_OBJC_MSGSEND = YES;
				GCC_C_LANGUAGE_STANDARD = gnu99;
				GCC_NO_COMMON_BLOCKS = YES;
				GCC_WARN_64_TO_32_BIT_CONVERSION = YES;
				GCC_WARN_ABOUT_RETURN_TYPE = YES_ERROR;
				GCC_WARN_UNDECLARED_SELECTOR = YES;
				GCC_WARN_UNINITIALIZED_AUTOS = YES_AGGRESSIVE;
				GCC_WARN_UNUSED_FUNCTION = YES;
				GCC_WARN_UNUSED_VARIABLE = YES;
				IPHONEOS_DEPLOYMENT_TARGET = 10.3;
				MTL_ENABLE_DEBUG_INFO = NO;
				PROVISIONING_PROFILE = "d7cfbbc9-862a-44d0-8d3c-b05e21bd8e2d";
				SDKROOT = iphoneos;
				SWIFT_OPTIMIZATION_LEVEL = "-Owholemodule";
				TARGETED_DEVICE_FAMILY = "1,2";
				VALIDATE_PRODUCT = YES;
			};
			name = Release;
		};
		7B3576771ED9AA8500FF610A /* Debug */ = {
			isa = XCBuildConfiguration;
			baseConfigurationReference = BA15765971EB4BD62F67CDF0 /* Pods-Munchpic.debug.xcconfig */;
			buildSettings = {
				ASSETCATALOG_COMPILER_APPICON_NAME = AppIcon;
				CLANG_ENABLE_MODULES = YES;
				"CODE_SIGN_IDENTITY[sdk=iphoneos*]" = "iPhone Distribution";
				DEVELOPMENT_TEAM = QSLY5SF2LD;
				INFOPLIST_FILE = Munchpic/Info.plist;
				IPHONEOS_DEPLOYMENT_TARGET = 9.1;
				LD_RUNPATH_SEARCH_PATHS = "$(inherited) @executable_path/Frameworks";
				PRODUCT_BUNDLE_IDENTIFIER = com.lineology.app;
				PRODUCT_NAME = "$(TARGET_NAME)";
				PROVISIONING_PROFILE = "4a8443bf-5f48-410a-9e5a-28f73d1551eb";
				PROVISIONING_PROFILE_SPECIFIER = MunchPic_june26_Distribution;
				SWIFT_OBJC_BRIDGING_HEADER = "Munchpic/Munchpic-Bridging-Header.h";
				SWIFT_OPTIMIZATION_LEVEL = "-Onone";
				SWIFT_VERSION = 3.0;
			};
			name = Debug;
		};
		7B3576781ED9AA8500FF610A /* Release */ = {
			isa = XCBuildConfiguration;
			baseConfigurationReference = 29360438760831E031DBB521 /* Pods-Munchpic.release.xcconfig */;
			buildSettings = {
				ASSETCATALOG_COMPILER_APPICON_NAME = AppIcon;
				CLANG_ENABLE_MODULES = YES;
				CODE_SIGN_IDENTITY = "iPhone Distribution: LINEOLOGY PRIVATE LIMITED (QSLY5SF2LD)";
				"CODE_SIGN_IDENTITY[sdk=iphoneos*]" = "iPhone Distribution";
				DEVELOPMENT_TEAM = QSLY5SF2LD;
				INFOPLIST_FILE = Munchpic/Info.plist;
				IPHONEOS_DEPLOYMENT_TARGET = 9.1;
				LD_RUNPATH_SEARCH_PATHS = "$(inherited) @executable_path/Frameworks";
				PRODUCT_BUNDLE_IDENTIFIER = com.lineology.app;
				PRODUCT_NAME = "$(TARGET_NAME)";
				PROVISIONING_PROFILE = "4a8443bf-5f48-410a-9e5a-28f73d1551eb";
				PROVISIONING_PROFILE_SPECIFIER = MunchPic_june26_Distribution;
				SWIFT_OBJC_BRIDGING_HEADER = "Munchpic/Munchpic-Bridging-Header.h";
				SWIFT_VERSION = 3.0;
			};
			name = Release;
		};
		7B35767A1ED9AA8500FF610A /* Debug */ = {
			isa = XCBuildConfiguration;
			baseConfigurationReference = D97D6F6D3DC9587022628620 /* Pods-MunchpicTests.debug.xcconfig */;
			buildSettings = {
				ALWAYS_EMBED_SWIFT_STANDARD_LIBRARIES = YES;
				BUNDLE_LOADER = "$(TEST_HOST)";
				DEVELOPMENT_TEAM = "";
				INFOPLIST_FILE = MunchpicTests/Info.plist;
				LD_RUNPATH_SEARCH_PATHS = "$(inherited) @executable_path/Frameworks @loader_path/Frameworks";
				PRODUCT_BUNDLE_IDENTIFIER = cpm.opteamix.MunchpicTests;
				PRODUCT_NAME = "$(TARGET_NAME)";
				PROVISIONING_PROFILE_SPECIFIER = "";
				SWIFT_VERSION = 3.0;
				TEST_HOST = "$(BUILT_PRODUCTS_DIR)/Munchpic.app/Munchpic";
			};
			name = Debug;
		};
		7B35767B1ED9AA8500FF610A /* Release */ = {
			isa = XCBuildConfiguration;
			baseConfigurationReference = 8FB862E1B66F01BFBC6049AD /* Pods-MunchpicTests.release.xcconfig */;
			buildSettings = {
				ALWAYS_EMBED_SWIFT_STANDARD_LIBRARIES = YES;
				BUNDLE_LOADER = "$(TEST_HOST)";
				DEVELOPMENT_TEAM = "";
				INFOPLIST_FILE = MunchpicTests/Info.plist;
				LD_RUNPATH_SEARCH_PATHS = "$(inherited) @executable_path/Frameworks @loader_path/Frameworks";
				PRODUCT_BUNDLE_IDENTIFIER = cpm.opteamix.MunchpicTests;
				PRODUCT_NAME = "$(TARGET_NAME)";
				PROVISIONING_PROFILE_SPECIFIER = "";
				SWIFT_VERSION = 3.0;
				TEST_HOST = "$(BUILT_PRODUCTS_DIR)/Munchpic.app/Munchpic";
			};
			name = Release;
		};
		7B35767D1ED9AA8500FF610A /* Debug */ = {
			isa = XCBuildConfiguration;
			baseConfigurationReference = 89089969296A4B52D4B58278 /* Pods-MunchpicUITests.debug.xcconfig */;
			buildSettings = {
				ALWAYS_EMBED_SWIFT_STANDARD_LIBRARIES = YES;
				INFOPLIST_FILE = MunchpicUITests/Info.plist;
				LD_RUNPATH_SEARCH_PATHS = "$(inherited) @executable_path/Frameworks @loader_path/Frameworks";
				PRODUCT_BUNDLE_IDENTIFIER = cpm.opteamix.MunchpicUITests;
				PRODUCT_NAME = "$(TARGET_NAME)";
				SWIFT_VERSION = 3.0;
				TEST_TARGET_NAME = Munchpic;
			};
			name = Debug;
		};
		7B35767E1ED9AA8500FF610A /* Release */ = {
			isa = XCBuildConfiguration;
			baseConfigurationReference = 8A3CF1405D101474AB038E8D /* Pods-MunchpicUITests.release.xcconfig */;
			buildSettings = {
				ALWAYS_EMBED_SWIFT_STANDARD_LIBRARIES = YES;
				INFOPLIST_FILE = MunchpicUITests/Info.plist;
				LD_RUNPATH_SEARCH_PATHS = "$(inherited) @executable_path/Frameworks @loader_path/Frameworks";
				PRODUCT_BUNDLE_IDENTIFIER = cpm.opteamix.MunchpicUITests;
				PRODUCT_NAME = "$(TARGET_NAME)";
				SWIFT_VERSION = 3.0;
				TEST_TARGET_NAME = Munchpic;
			};
			name = Release;
		};
/* End XCBuildConfiguration section */

/* Begin XCConfigurationList section */
		7B3576491ED9AA8500FF610A /* Build configuration list for PBXProject "Munchpic" */ = {
			isa = XCConfigurationList;
			buildConfigurations = (
				7B3576741ED9AA8500FF610A /* Debug */,
				7B3576751ED9AA8500FF610A /* Release */,
			);
			defaultConfigurationIsVisible = 0;
			defaultConfigurationName = Release;
		};
		7B3576761ED9AA8500FF610A /* Build configuration list for PBXNativeTarget "Munchpic" */ = {
			isa = XCConfigurationList;
			buildConfigurations = (
				7B3576771ED9AA8500FF610A /* Debug */,
				7B3576781ED9AA8500FF610A /* Release */,
			);
			defaultConfigurationIsVisible = 0;
			defaultConfigurationName = Release;
		};
		7B3576791ED9AA8500FF610A /* Build configuration list for PBXNativeTarget "MunchpicTests" */ = {
			isa = XCConfigurationList;
			buildConfigurations = (
				7B35767A1ED9AA8500FF610A /* Debug */,
				7B35767B1ED9AA8500FF610A /* Release */,
			);
			defaultConfigurationIsVisible = 0;
			defaultConfigurationName = Release;
		};
		7B35767C1ED9AA8500FF610A /* Build configuration list for PBXNativeTarget "MunchpicUITests" */ = {
			isa = XCConfigurationList;
			buildConfigurations = (
				7B35767D1ED9AA8500FF610A /* Debug */,
				7B35767E1ED9AA8500FF610A /* Release */,
			);
			defaultConfigurationIsVisible = 0;
			defaultConfigurationName = Release;
		};
/* End XCConfigurationList section */
	};
	rootObject = 7B3576461ED9AA8500FF610A /* Project object */;
}
